
Microsoft Visual Studio Solution File, Format Version 12.00
# Visual Studio Version 17
VisualStudioVersion = 17.11.35222.181
MinimumVisualStudioVersion = 10.0.40219.1
Project("{FAE04EC0-301F-11D3-BF4B-00C04F79EFBC}") = "XMLParsing", "XMLParsing\XMLParsing.csproj", "{2856292F-55C9-49E2-A4A5-C3B7873339F4}"
EndProject
Global
	GlobalSection(SolutionConfigurationPlatforms) = preSolution
		Debug|Any CPU = Debug|Any CPU
		Release|Any CPU = Release|Any CPU
	EndGlobalSection
	GlobalSection(ProjectConfigurationPlatforms) = postSolution
		{2856292F-55C9-49E2-A4A5-C3B7873339F4}.Debug|Any CPU.ActiveCfg = Debug|Any CPU
		{2856292F-55C9-49E2-A4A5-C3B7873339F4}.Debug|Any CPU.Build.0 = Debug|Any CPU
		{2856292F-55C9-49E2-A4A5-C3B7873339F4}.Release|Any CPU.ActiveCfg = Release|Any CPU
		{2856292F-55C9-49E2-A4A5-C3B7873339F4}.Release|Any CPU.Build.0 = Release|Any CPU
	EndGlobalSection
	GlobalSection(SolutionProperties) = preSolution
		HideSolutionNode = FALSE
	EndGlobalSection
	GlobalSection(ExtensibilityGlobals) = postSolution
		SolutionGuid = {D1FB9E9B-9C69-4DDC-9087-4BDFBB595AD1}
	EndGlobalSection
EndGlobal
